
Microsoft Visual Studio Solution File, Format Version 12.00
# Visual Studio Version 17
VisualStudioVersion = 17.9.34902.65
MinimumVisualStudioVersion = 10.0.40219.1
Project("{FAE04EC0-301F-11D3-BF4B-00C04F79EFBC}") = "OnlineStore.DAL", "OnlineStore.DAL\OnlineStore.DAL.csproj", "{8E6E0F9A-D63C-44C2-B888-15378F1088F3}"
EndProject
Project("{FAE04EC0-301F-11D3-BF4B-00C04F79EFBC}") = "OnlineStore.Business", "OnlineStore.Business\OnlineStore.Business.csproj", "{B61892C7-7C54-43CD-BAE7-38EB7E70A323}"
EndProject
Project("{FAE04EC0-301F-11D3-BF4B-00C04F79EFBC}") = "OnlineStore.WebUI", "OnlineStore.WebUI\OnlineStore.WebUI.csproj", "{FE593AE0-B3C9-492E-A980-F6E95D1ECE4A}"
EndProject
Global
	GlobalSection(SolutionConfigurationPlatforms) = preSolution
		Debug|Any CPU = Debug|Any CPU
		Release|Any CPU = Release|Any CPU
	EndGlobalSection
	GlobalSection(ProjectConfigurationPlatforms) = postSolution
		{8E6E0F9A-D63C-44C2-B888-15378F1088F3}.Debug|Any CPU.ActiveCfg = Debug|Any CPU
		{8E6E0F9A-D63C-44C2-B888-15378F1088F3}.Debug|Any CPU.Build.0 = Debug|Any CPU
		{8E6E0F9A-D63C-44C2-B888-15378F1088F3}.Release|Any CPU.ActiveCfg = Release|Any CPU
		{8E6E0F9A-D63C-44C2-B888-15378F1088F3}.Release|Any CPU.Build.0 = Release|Any CPU
		{B61892C7-7C54-43CD-BAE7-38EB7E70A323}.Debug|Any CPU.ActiveCfg = Debug|Any CPU
		{B61892C7-7C54-43CD-BAE7-38EB7E70A323}.Debug|Any CPU.Build.0 = Debug|Any CPU
		{B61892C7-7C54-43CD-BAE7-38EB7E70A323}.Release|Any CPU.ActiveCfg = Release|Any CPU
		{B61892C7-7C54-43CD-BAE7-38EB7E70A323}.Release|Any CPU.Build.0 = Release|Any CPU
		{FE593AE0-B3C9-492E-A980-F6E95D1ECE4A}.Debug|Any CPU.ActiveCfg = Debug|Any CPU
		{FE593AE0-B3C9-492E-A980-F6E95D1ECE4A}.Debug|Any CPU.Build.0 = Debug|Any CPU
		{FE593AE0-B3C9-492E-A980-F6E95D1ECE4A}.Release|Any CPU.ActiveCfg = Release|Any CPU
		{FE593AE0-B3C9-492E-A980-F6E95D1ECE4A}.Release|Any CPU.Build.0 = Release|Any CPU
	EndGlobalSection
	GlobalSection(SolutionProperties) = preSolution
		HideSolutionNode = FALSE
	EndGlobalSection
	GlobalSection(ExtensibilityGlobals) = postSolution
		SolutionGuid = {A33E0F6B-4BF7-43ED-9650-21C04E2664DA}
	EndGlobalSection
EndGlobal
